
Microsoft Visual Studio Solution File, Format Version 12.00
# Visual Studio Version 16
VisualStudioVersion = 16.0.29424.173
MinimumVisualStudioVersion = 10.0.40219.1
Project("{FAE04EC0-301F-11D3-BF4B-00C04F79EFBC}") = "Datos", "Datos\Datos.csproj", "{6FA6997F-4842-438F-A0AE-D235C0FE9BE3}"
EndProject
Project("{FAE04EC0-301F-11D3-BF4B-00C04F79EFBC}") = "Entidades", "Entidades\Entidades.csproj", "{7EEDA600-19EF-425B-BD26-E47B2CB745E4}"
EndProject
Project("{FAE04EC0-301F-11D3-BF4B-00C04F79EFBC}") = "Presentacion", "Presentacion\Presentacion.csproj", "{6D53F2E6-9B50-4224-8155-442C0418F9AB}"
EndProject
Global
	GlobalSection(SolutionConfigurationPlatforms) = preSolution
		Debug|Any CPU = Debug|Any CPU
		Release|Any CPU = Release|Any CPU
	EndGlobalSection
	GlobalSection(ProjectConfigurationPlatforms) = postSolution
		{6FA6997F-4842-438F-A0AE-D235C0FE9BE3}.Debug|Any CPU.ActiveCfg = Debug|Any CPU
		{6FA6997F-4842-438F-A0AE-D235C0FE9BE3}.Debug|Any CPU.Build.0 = Debug|Any CPU
		{6FA6997F-4842-438F-A0AE-D235C0FE9BE3}.Release|Any CPU.ActiveCfg = Release|Any CPU
		{6FA6997F-4842-438F-A0AE-D235C0FE9BE3}.Release|Any CPU.Build.0 = Release|Any CPU
		{7EEDA600-19EF-425B-BD26-E47B2CB745E4}.Debug|Any CPU.ActiveCfg = Debug|Any CPU
		{7EEDA600-19EF-425B-BD26-E47B2CB745E4}.Debug|Any CPU.Build.0 = Debug|Any CPU
		{7EEDA600-19EF-425B-BD26-E47B2CB745E4}.Release|Any CPU.ActiveCfg = Release|Any CPU
		{7EEDA600-19EF-425B-BD26-E47B2CB745E4}.Release|Any CPU.Build.0 = Release|Any CPU
		{6D53F2E6-9B50-4224-8155-442C0418F9AB}.Debug|Any CPU.ActiveCfg = Debug|Any CPU
		{6D53F2E6-9B50-4224-8155-442C0418F9AB}.Debug|Any CPU.Build.0 = Debug|Any CPU
		{6D53F2E6-9B50-4224-8155-442C0418F9AB}.Release|Any CPU.ActiveCfg = Release|Any CPU
		{6D53F2E6-9B50-4224-8155-442C0418F9AB}.Release|Any CPU.Build.0 = Release|Any CPU
	EndGlobalSection
	GlobalSection(SolutionProperties) = preSolution
		HideSolutionNode = FALSE
	EndGlobalSection
	GlobalSection(ExtensibilityGlobals) = postSolution
		SolutionGuid = {8DDCE338-49D5-4690-B2E5-E5CB129A0D1F}
	EndGlobalSection
EndGlobal
